{
  "name": "Vetlink-SinIS",
  "lockfileVersion": 3,
  "requires": true,
  "packages": {
    "": {
      "dependencies": {
        "@fontsource/montserrat": "^5.1.0"
      }
    },
    "node_modules/@fontsource/montserrat": {
      "version": "5.1.0",
      "resolved": "https://registry.npmjs.org/@fontsource/montserrat/-/montserrat-5.1.0.tgz",
      "integrity": "sha512-HB4+rWP9Y8g6T9RGRVJk2SvAJtx2eBAXuivvPOqQdD806/9WESUfucfH9LqFj3bGgdhNCfh0Rv0NGuwEmBLRiw==",
      "license": "OFL-1.1"
    }
  }
}
